
Microsoft Visual Studio Solution File, Format Version 12.00
# Visual Studio Version 16
VisualStudioVersion = 16.0.33423.256
MinimumVisualStudioVersion = 10.0.40219.1
Project("{FAE04EC0-301F-11D3-BF4B-00C04F79EFBC}") = "BackEndCoreAgencia", "BackEndCoreAgencia.csproj", "{60937D26-CD29-49DA-95B5-84D6C1FC4655}"
EndProject
Global
	GlobalSection(SolutionConfigurationPlatforms) = preSolution
		Debug|Any CPU = Debug|Any CPU
		Release|Any CPU = Release|Any CPU
	EndGlobalSection
	GlobalSection(ProjectConfigurationPlatforms) = postSolution
		{60937D26-CD29-49DA-95B5-84D6C1FC4655}.Debug|Any CPU.ActiveCfg = Debug|Any CPU
		{60937D26-CD29-49DA-95B5-84D6C1FC4655}.Debug|Any CPU.Build.0 = Debug|Any CPU
		{60937D26-CD29-49DA-95B5-84D6C1FC4655}.Release|Any CPU.ActiveCfg = Release|Any CPU
		{60937D26-CD29-49DA-95B5-84D6C1FC4655}.Release|Any CPU.Build.0 = Release|Any CPU
	EndGlobalSection
	GlobalSection(SolutionProperties) = preSolution
		HideSolutionNode = FALSE
	EndGlobalSection
	GlobalSection(ExtensibilityGlobals) = postSolution
		SolutionGuid = {0A538A90-184F-4307-8BCB-CEF04C361970}
	EndGlobalSection
EndGlobal
